
Microsoft Visual Studio Solution File, Format Version 12.00
# Visual Studio Version 17
VisualStudioVersion = 17.9.34728.123
MinimumVisualStudioVersion = 10.0.40219.1
Project("{FAE04EC0-301F-11D3-BF4B-00C04F79EFBC}") = "WMU-test-2", "WMU-test-2\WMU-test-2.csproj", "{C672C4B1-5972-41A0-A0B7-00A3BFC4605F}"
EndProject
Global
	GlobalSection(SolutionConfigurationPlatforms) = preSolution
		Debug|Any CPU = Debug|Any CPU
		Release|Any CPU = Release|Any CPU
	EndGlobalSection
	GlobalSection(ProjectConfigurationPlatforms) = postSolution
		{C672C4B1-5972-41A0-A0B7-00A3BFC4605F}.Debug|Any CPU.ActiveCfg = Debug|Any CPU
		{C672C4B1-5972-41A0-A0B7-00A3BFC4605F}.Debug|Any CPU.Build.0 = Debug|Any CPU
		{C672C4B1-5972-41A0-A0B7-00A3BFC4605F}.Release|Any CPU.ActiveCfg = Release|Any CPU
		{C672C4B1-5972-41A0-A0B7-00A3BFC4605F}.Release|Any CPU.Build.0 = Release|Any CPU
	EndGlobalSection
	GlobalSection(SolutionProperties) = preSolution
		HideSolutionNode = FALSE
	EndGlobalSection
	GlobalSection(ExtensibilityGlobals) = postSolution
		SolutionGuid = {DEDEBC36-E1BC-4FDB-AE86-61A4EA4535B8}
	EndGlobalSection
EndGlobal
